
Microsoft Visual Studio Solution File, Format Version 12.00
# Visual Studio Version 16
VisualStudioVersion = 16.0.29118.114
MinimumVisualStudioVersion = 10.0.40219.1
Project("{9A19103F-16F7-4668-BE54-9A1E7A4F7556}") = "RxFree", "src\RxFree\RxFree.csproj", "{EFE7EFE0-5AC3-4C16-B56F-65ECDB937F97}"
EndProject
Project("{9A19103F-16F7-4668-BE54-9A1E7A4F7556}") = "RxFree.Tests", "src\RxFree.Tests\RxFree.Tests.csproj", "{9C1BA247-9164-4A60-82F7-24364A353E1E}"
EndProject
Project("{FAE04EC0-301F-11D3-BF4B-00C04F79EFBC}") = "RxFree.SourceTests", "src\RxFree.SourceTests\RxFree.SourceTests.csproj", "{BA6410EE-DECB-435B-AD4F-DA8A78AA9D85}"
EndProject
Project("{2150E333-8FDC-42A3-9474-1A3956D46DE8}") = "Solution Items", "Solution Items", "{768BF814-BBED-4362-A745-30F79160EA40}"
	ProjectSection(SolutionItems) = preProject
		.editorconfig = .editorconfig
	EndProjectSection
EndProject
Global
	GlobalSection(SolutionConfigurationPlatforms) = preSolution
		Debug|Any CPU = Debug|Any CPU
		Release|Any CPU = Release|Any CPU
	EndGlobalSection
	GlobalSection(ProjectConfigurationPlatforms) = postSolution
		{EFE7EFE0-5AC3-4C16-B56F-65ECDB937F97}.Debug|Any CPU.ActiveCfg = Debug|Any CPU
		{EFE7EFE0-5AC3-4C16-B56F-65ECDB937F97}.Debug|Any CPU.Build.0 = Debug|Any CPU
		{EFE7EFE0-5AC3-4C16-B56F-65ECDB937F97}.Release|Any CPU.ActiveCfg = Release|Any CPU
		{EFE7EFE0-5AC3-4C16-B56F-65ECDB937F97}.Release|Any CPU.Build.0 = Release|Any CPU
		{9C1BA247-9164-4A60-82F7-24364A353E1E}.Debug|Any CPU.ActiveCfg = Debug|Any CPU
		{9C1BA247-9164-4A60-82F7-24364A353E1E}.Debug|Any CPU.Build.0 = Debug|Any CPU
		{9C1BA247-9164-4A60-82F7-24364A353E1E}.Release|Any CPU.ActiveCfg = Release|Any CPU
		{9C1BA247-9164-4A60-82F7-24364A353E1E}.Release|Any CPU.Build.0 = Release|Any CPU
		{BA6410EE-DECB-435B-AD4F-DA8A78AA9D85}.Debug|Any CPU.ActiveCfg = Debug|Any CPU
		{BA6410EE-DECB-435B-AD4F-DA8A78AA9D85}.Debug|Any CPU.Build.0 = Debug|Any CPU
		{BA6410EE-DECB-435B-AD4F-DA8A78AA9D85}.Release|Any CPU.ActiveCfg = Release|Any CPU
		{BA6410EE-DECB-435B-AD4F-DA8A78AA9D85}.Release|Any CPU.Build.0 = Release|Any CPU
	EndGlobalSection
	GlobalSection(SolutionProperties) = preSolution
		HideSolutionNode = FALSE
	EndGlobalSection
	GlobalSection(ExtensibilityGlobals) = postSolution
		SolutionGuid = {42975E35-A694-4E45-862E-B2D58AB474F5}
	EndGlobalSection
EndGlobal
